Microsoft Visual Studio Solution File, Format Version 12.00
# Visual Studio Version 17
VisualStudioVersion = 17.5.2.0
MinimumVisualStudioVersion = 10.0.40219.1
Project("{2150E333-8FDC-42A3-9474-1A3956D46DE8}") = "DataStructure", "DataStructure", "{A77E663B-CD1C-F8E4-F232-E7D3CAE1BDE6}"
EndProject
Project("{FAE04EC0-301F-11D3-BF4B-00C04F79EFBC}") = "LeetCodeProject", "DataStructure\LeetCodeProject\LeetCodeProject.csproj", "{D65789CA-CCF5-2456-256C-80373EA37ED6}"
EndProject
Global
	GlobalSection(SolutionConfigurationPlatforms) = preSolution
		Debug|Any CPU = Debug|Any CPU
		Release|Any CPU = Release|Any CPU
	EndGlobalSection
	GlobalSection(ProjectConfigurationPlatforms) = postSolution
		{D65789CA-CCF5-2456-256C-80373EA37ED6}.Debug|Any CPU.ActiveCfg = Debug|Any CPU
		{D65789CA-CCF5-2456-256C-80373EA37ED6}.Debug|Any CPU.Build.0 = Debug|Any CPU
		{D65789CA-CCF5-2456-256C-80373EA37ED6}.Release|Any CPU.ActiveCfg = Release|Any CPU
		{D65789CA-CCF5-2456-256C-80373EA37ED6}.Release|Any CPU.Build.0 = Release|Any CPU
	EndGlobalSection
	GlobalSection(SolutionProperties) = preSolution
		HideSolutionNode = FALSE
	EndGlobalSection
	GlobalSection(NestedProjects) = preSolution
		{D65789CA-CCF5-2456-256C-80373EA37ED6} = {A77E663B-CD1C-F8E4-F232-E7D3CAE1BDE6}
	EndGlobalSection
	GlobalSection(ExtensibilityGlobals) = postSolution
		SolutionGuid = {D9FA7702-7421-4857-9A9D-1B2543A261C2}
	EndGlobalSection
EndGlobal
